
Microsoft Visual Studio Solution File, Format Version 12.00
# Visual Studio 14
VisualStudioVersion = 14.0.25420.1
MinimumVisualStudioVersion = 10.0.40219.1
Project("{FAE04EC0-301F-11D3-BF4B-00C04F79EFBC}") = "ShuffleCore", "ShuffleCore\ShuffleCore.csproj", "{002EAB45-1948-44FD-8799-333939DB9596}"
EndProject
Project("{FAE04EC0-301F-11D3-BF4B-00C04F79EFBC}") = "ShuffleTest", "ShuffleTest\ShuffleTest.csproj", "{32D0B305-B2B6-4D57-B070-AAD8BB69AC70}"
EndProject
Project("{FAE04EC0-301F-11D3-BF4B-00C04F79EFBC}") = "ShuffleConsoleApp", "ShuffleConsoleApp\ShuffleConsoleApp.csproj", "{D6B1E39A-B0F2-44EA-8628-291994E42B53}"
EndProject
Global
	GlobalSection(SolutionConfigurationPlatforms) = preSolution
		Debug|Any CPU = Debug|Any CPU
		Release|Any CPU = Release|Any CPU
	EndGlobalSection
	GlobalSection(ProjectConfigurationPlatforms) = postSolution
		{002EAB45-1948-44FD-8799-333939DB9596}.Debug|Any CPU.ActiveCfg = Debug|Any CPU
		{002EAB45-1948-44FD-8799-333939DB9596}.Debug|Any CPU.Build.0 = Debug|Any CPU
		{002EAB45-1948-44FD-8799-333939DB9596}.Release|Any CPU.ActiveCfg = Release|Any CPU
		{002EAB45-1948-44FD-8799-333939DB9596}.Release|Any CPU.Build.0 = Release|Any CPU
		{32D0B305-B2B6-4D57-B070-AAD8BB69AC70}.Debug|Any CPU.ActiveCfg = Debug|Any CPU
		{32D0B305-B2B6-4D57-B070-AAD8BB69AC70}.Debug|Any CPU.Build.0 = Debug|Any CPU
		{32D0B305-B2B6-4D57-B070-AAD8BB69AC70}.Release|Any CPU.ActiveCfg = Release|Any CPU
		{32D0B305-B2B6-4D57-B070-AAD8BB69AC70}.Release|Any CPU.Build.0 = Release|Any CPU
		{D6B1E39A-B0F2-44EA-8628-291994E42B53}.Debug|Any CPU.ActiveCfg = Debug|Any CPU
		{D6B1E39A-B0F2-44EA-8628-291994E42B53}.Debug|Any CPU.Build.0 = Debug|Any CPU
		{D6B1E39A-B0F2-44EA-8628-291994E42B53}.Release|Any CPU.ActiveCfg = Release|Any CPU
		{D6B1E39A-B0F2-44EA-8628-291994E42B53}.Release|Any CPU.Build.0 = Release|Any CPU
	EndGlobalSection
	GlobalSection(SolutionProperties) = preSolution
		HideSolutionNode = FALSE
	EndGlobalSection
EndGlobal
